
Microsoft Visual Studio Solution File, Format Version 12.00
# Visual Studio Version 17
VisualStudioVersion = 17.3.32929.385
MinimumVisualStudioVersion = 10.0.40219.1
Project("{FAE04EC0-301F-11D3-BF4B-00C04F79EFBC}") = "Properties and Encapsulation (Day 11-12)", "Properties and Encapsulation (Day 11-12)\Properties and Encapsulation (Day 11-12).csproj", "{F3A4B2EE-0E61-463B-ADFA-99C56EC499BB}"
EndProject
Global
	GlobalSection(SolutionConfigurationPlatforms) = preSolution
		Debug|Any CPU = Debug|Any CPU
		Release|Any CPU = Release|Any CPU
	EndGlobalSection
	GlobalSection(ProjectConfigurationPlatforms) = postSolution
		{F3A4B2EE-0E61-463B-ADFA-99C56EC499BB}.Debug|Any CPU.ActiveCfg = Debug|Any CPU
		{F3A4B2EE-0E61-463B-ADFA-99C56EC499BB}.Debug|Any CPU.Build.0 = Debug|Any CPU
		{F3A4B2EE-0E61-463B-ADFA-99C56EC499BB}.Release|Any CPU.ActiveCfg = Release|Any CPU
		{F3A4B2EE-0E61-463B-ADFA-99C56EC499BB}.Release|Any CPU.Build.0 = Release|Any CPU
	EndGlobalSection
	GlobalSection(SolutionProperties) = preSolution
		HideSolutionNode = FALSE
	EndGlobalSection
	GlobalSection(ExtensibilityGlobals) = postSolution
		SolutionGuid = {FE73979F-041F-4493-916A-C87A677C2B2E}
	EndGlobalSection
EndGlobal
